Microsoft Visual Studio Solution File, Format Version 12.00
# Visual Studio Version 17
VisualStudioVersion = 17.5.2.0
MinimumVisualStudioVersion = 10.0.40219.1
Project("{FAE04EC0-301F-11D3-BF4B-00C04F79EFBC}") = "BestBikeApp", "BestBikeApp\BestBikeApp.csproj", "{9B36CCA9-A1E1-7C6B-26A5-961A7DA59986}"
EndProject
Global
	GlobalSection(SolutionConfigurationPlatforms) = preSolution
		Debug|Any CPU = Debug|Any CPU
		Release|Any CPU = Release|Any CPU
	EndGlobalSection
	GlobalSection(ProjectConfigurationPlatforms) = postSolution
		{9B36CCA9-A1E1-7C6B-26A5-961A7DA59986}.Debug|Any CPU.ActiveCfg = Debug|Any CPU
		{9B36CCA9-A1E1-7C6B-26A5-961A7DA59986}.Debug|Any CPU.Build.0 = Debug|Any CPU
		{9B36CCA9-A1E1-7C6B-26A5-961A7DA59986}.Release|Any CPU.ActiveCfg = Release|Any CPU
		{9B36CCA9-A1E1-7C6B-26A5-961A7DA59986}.Release|Any CPU.Build.0 = Release|Any CPU
	EndGlobalSection
	GlobalSection(SolutionProperties) = preSolution
		HideSolutionNode = FALSE
	EndGlobalSection
	GlobalSection(ExtensibilityGlobals) = postSolution
		SolutionGuid = {D1772EB8-A351-44B2-836E-CAF3CE4B2CB7}
	EndGlobalSection
EndGlobal
